
Microsoft Visual Studio Solution File, Format Version 12.00
# Visual Studio Version 17
VisualStudioVersion = 17.0.31919.166
MinimumVisualStudioVersion = 10.0.40219.1
Project("{FAE04EC0-301F-11D3-BF4B-00C04F79EFBC}") = "phrase-generator", "phrase-generator\phrase-generator.csproj", "{35ACED35-1528-459C-A001-04EF7C826F8A}"
EndProject
Global
	GlobalSection(SolutionConfigurationPlatforms) = preSolution
		Debug|Any CPU = Debug|Any CPU
		Release|Any CPU = Release|Any CPU
	EndGlobalSection
	GlobalSection(ProjectConfigurationPlatforms) = postSolution
		{35ACED35-1528-459C-A001-04EF7C826F8A}.Debug|Any CPU.ActiveCfg = Debug|Any CPU
		{35ACED35-1528-459C-A001-04EF7C826F8A}.Debug|Any CPU.Build.0 = Debug|Any CPU
		{35ACED35-1528-459C-A001-04EF7C826F8A}.Release|Any CPU.ActiveCfg = Release|Any CPU
		{35ACED35-1528-459C-A001-04EF7C826F8A}.Release|Any CPU.Build.0 = Release|Any CPU
	EndGlobalSection
	GlobalSection(SolutionProperties) = preSolution
		HideSolutionNode = FALSE
	EndGlobalSection
	GlobalSection(ExtensibilityGlobals) = postSolution
		SolutionGuid = {153267B8-E01A-4FA3-B8E6-73B6A98F2F57}
	EndGlobalSection
EndGlobal
